
Microsoft Visual Studio Solution File, Format Version 12.00
# Visual Studio Version 17
VisualStudioVersion = 17.8.34330.188
MinimumVisualStudioVersion = 10.0.40219.1
Project("{9A19103F-16F7-4668-BE54-9A1E7A4F7556}") = "CW18", "CW18\CW18.csproj", "{53AF7321-3348-4B6E-AA87-043B3D3D6C01}"
EndProject
Project("{2150E333-8FDC-42A3-9474-1A3956D46DE8}") = "00-Entities", "00-Entities", "{8C0BE1DD-6A08-463E-ADF2-FE9089A0DA25}"
EndProject
Project("{2150E333-8FDC-42A3-9474-1A3956D46DE8}") = "01-Contracts", "01-Contracts", "{BEBA3540-3E5E-43F9-8CAB-EC1277BD0FFC}"
EndProject
Project("{2150E333-8FDC-42A3-9474-1A3956D46DE8}") = "02-Infrastructure", "02-Infrastructure", "{58D15533-8798-4F41-BB4A-7A23B5B00444}"
EndProject
Project("{2150E333-8FDC-42A3-9474-1A3956D46DE8}") = "04-EndPoints", "04-EndPoints", "{2C3A04A6-F576-4DA7-9F08-F0B1CC1B9C61}"
EndProject
Project("{9A19103F-16F7-4668-BE54-9A1E7A4F7556}") = "Entities", "Entities\Entities.csproj", "{2F641D8A-059A-4528-8041-DA181B4E84B1}"
EndProject
Project("{9A19103F-16F7-4668-BE54-9A1E7A4F7556}") = "EFCore", "EFCore\EFCore.csproj", "{2D19A6DF-350B-4B02-8C28-14099089C5A2}"
EndProject
Project("{FAE04EC0-301F-11D3-BF4B-00C04F79EFBC}") = "Contracts", "IContracts\Contracts.csproj", "{F5FAA830-B840-4490-8310-5DB97D541A45}"
EndProject
Project("{FAE04EC0-301F-11D3-BF4B-00C04F79EFBC}") = "DTOs", "DTOs\DTOs.csproj", "{B79C2B9A-0EE3-4937-98E8-24F5575C025D}"
EndProject
Global
	GlobalSection(SolutionConfigurationPlatforms) = preSolution
		Debug|Any CPU = Debug|Any CPU
		Release|Any CPU = Release|Any CPU
	EndGlobalSection
	GlobalSection(ProjectConfigurationPlatforms) = postSolution
		{53AF7321-3348-4B6E-AA87-043B3D3D6C01}.Debug|Any CPU.ActiveCfg = Debug|Any CPU
		{53AF7321-3348-4B6E-AA87-043B3D3D6C01}.Debug|Any CPU.Build.0 = Debug|Any CPU
		{53AF7321-3348-4B6E-AA87-043B3D3D6C01}.Release|Any CPU.ActiveCfg = Release|Any CPU
		{53AF7321-3348-4B6E-AA87-043B3D3D6C01}.Release|Any CPU.Build.0 = Release|Any CPU
		{2F641D8A-059A-4528-8041-DA181B4E84B1}.Debug|Any CPU.ActiveCfg = Debug|Any CPU
		{2F641D8A-059A-4528-8041-DA181B4E84B1}.Debug|Any CPU.Build.0 = Debug|Any CPU
		{2F641D8A-059A-4528-8041-DA181B4E84B1}.Release|Any CPU.ActiveCfg = Release|Any CPU
		{2F641D8A-059A-4528-8041-DA181B4E84B1}.Release|Any CPU.Build.0 = Release|Any CPU
		{2D19A6DF-350B-4B02-8C28-14099089C5A2}.Debug|Any CPU.ActiveCfg = Debug|Any CPU
		{2D19A6DF-350B-4B02-8C28-14099089C5A2}.Debug|Any CPU.Build.0 = Debug|Any CPU
		{2D19A6DF-350B-4B02-8C28-14099089C5A2}.Release|Any CPU.ActiveCfg = Release|Any CPU
		{2D19A6DF-350B-4B02-8C28-14099089C5A2}.Release|Any CPU.Build.0 = Release|Any CPU
		{F5FAA830-B840-4490-8310-5DB97D541A45}.Debug|Any CPU.ActiveCfg = Debug|Any CPU
		{F5FAA830-B840-4490-8310-5DB97D541A45}.Debug|Any CPU.Build.0 = Debug|Any CPU
		{F5FAA830-B840-4490-8310-5DB97D541A45}.Release|Any CPU.ActiveCfg = Release|Any CPU
		{F5FAA830-B840-4490-8310-5DB97D541A45}.Release|Any CPU.Build.0 = Release|Any CPU
		{B79C2B9A-0EE3-4937-98E8-24F5575C025D}.Debug|Any CPU.ActiveCfg = Debug|Any CPU
		{B79C2B9A-0EE3-4937-98E8-24F5575C025D}.Debug|Any CPU.Build.0 = Debug|Any CPU
		{B79C2B9A-0EE3-4937-98E8-24F5575C025D}.Release|Any CPU.ActiveCfg = Release|Any CPU
		{B79C2B9A-0EE3-4937-98E8-24F5575C025D}.Release|Any CPU.Build.0 = Release|Any CPU
	EndGlobalSection
	GlobalSection(SolutionProperties) = preSolution
		HideSolutionNode = FALSE
	EndGlobalSection
	GlobalSection(NestedProjects) = preSolution
		{53AF7321-3348-4B6E-AA87-043B3D3D6C01} = {2C3A04A6-F576-4DA7-9F08-F0B1CC1B9C61}
		{2F641D8A-059A-4528-8041-DA181B4E84B1} = {8C0BE1DD-6A08-463E-ADF2-FE9089A0DA25}
		{2D19A6DF-350B-4B02-8C28-14099089C5A2} = {58D15533-8798-4F41-BB4A-7A23B5B00444}
		{F5FAA830-B840-4490-8310-5DB97D541A45} = {BEBA3540-3E5E-43F9-8CAB-EC1277BD0FFC}
		{B79C2B9A-0EE3-4937-98E8-24F5575C025D} = {8C0BE1DD-6A08-463E-ADF2-FE9089A0DA25}
	EndGlobalSection
	GlobalSection(ExtensibilityGlobals) = postSolution
		SolutionGuid = {2951962D-1BAE-4F7E-ADEC-B0C04295B4AE}
	EndGlobalSection
EndGlobal
